<Solution>
  <Folder Name="/samples/">
    <Project Path="samples/BasicUsage/BasicUsage.csproj" />
    <Project Path="samples/BgeSmallEmbedding/BgeSmallEmbedding.csproj" />
    <Project Path="samples/E5SmallEmbedding/E5SmallEmbedding.csproj" />
    <Project Path="samples/GteSmallEmbedding/GteSmallEmbedding.csproj" />
  </Folder>
  <Folder Name="/src/">
    <Project Path="src/MLNet.Embeddings.Onnx/MLNet.Embeddings.Onnx.csproj" />
  </Folder>
</Solution>
